
Microsoft Visual Studio Solution File, Format Version 12.00
# Visual Studio Version 17
VisualStudioVersion = 17.8.34601.278
MinimumVisualStudioVersion = 10.0.40219.1
Project("{9A19103F-16F7-4668-BE54-9A1E7A4F7556}") = "FileStorageManagement", "FileStorageManagement\FileStorageManagement.csproj", "{208B66CA-6208-4FAE-80B3-572D1F79BFB0}"
EndProject
Global
	GlobalSection(SolutionConfigurationPlatforms) = preSolution
		Debug|Any CPU = Debug|Any CPU
		Release|Any CPU = Release|Any CPU
	EndGlobalSection
	GlobalSection(ProjectConfigurationPlatforms) = postSolution
		{208B66CA-6208-4FAE-80B3-572D1F79BFB0}.Debug|Any CPU.ActiveCfg = Debug|Any CPU
		{208B66CA-6208-4FAE-80B3-572D1F79BFB0}.Debug|Any CPU.Build.0 = Debug|Any CPU
		{208B66CA-6208-4FAE-80B3-572D1F79BFB0}.Release|Any CPU.ActiveCfg = Release|Any CPU
		{208B66CA-6208-4FAE-80B3-572D1F79BFB0}.Release|Any CPU.Build.0 = Release|Any CPU
	EndGlobalSection
	GlobalSection(SolutionProperties) = preSolution
		HideSolutionNode = FALSE
	EndGlobalSection
	GlobalSection(ExtensibilityGlobals) = postSolution
		SolutionGuid = {30F787FB-14F7-4400-8C3B-D971FFF7FE61}
	EndGlobalSection
EndGlobal
